
Microsoft Visual Studio Solution File, Format Version 12.00
# Visual Studio Version 16
VisualStudioVersion = 25.0.1706.6
MinimumVisualStudioVersion = 10.0.40219.1
Project("{FAE04EC0-301F-11D3-BF4B-00C04F79EFBC}") = "DateAndTimeFormat", "DateAndTimeFormat\DateAndTimeFormat.csproj", "{20C1F988-A857-4D3D-8853-8551EC4C24E9}"
EndProject
Global
	GlobalSection(SolutionConfigurationPlatforms) = preSolution
		Debug|Any CPU = Debug|Any CPU
		Release|Any CPU = Release|Any CPU
	EndGlobalSection
	GlobalSection(ProjectConfigurationPlatforms) = postSolution
		{20C1F988-A857-4D3D-8853-8551EC4C24E9}.Debug|Any CPU.ActiveCfg = Debug|Any CPU
		{20C1F988-A857-4D3D-8853-8551EC4C24E9}.Debug|Any CPU.Build.0 = Debug|Any CPU
		{20C1F988-A857-4D3D-8853-8551EC4C24E9}.Release|Any CPU.ActiveCfg = Release|Any CPU
		{20C1F988-A857-4D3D-8853-8551EC4C24E9}.Release|Any CPU.Build.0 = Release|Any CPU
	EndGlobalSection
	GlobalSection(SolutionProperties) = preSolution
		HideSolutionNode = FALSE
	EndGlobalSection
	GlobalSection(ExtensibilityGlobals) = postSolution
		SolutionGuid = {1E4A0009-5850-4930-B87A-BE1F65E785F7}
	EndGlobalSection
EndGlobal
